Microsoft Visual Studio Solution File, Format Version 10.00
# Visual Studio 2008
Project("{FAE04EC0-301F-11D3-BF4B-00C04F79EFBC}") = "RegistratorApplication", "RegistratorApplication\RegistratorApplication.csproj", "{50990208-86E7-42BF-A304-F8780C41B93E}"
EndProject
Project("{FAE04EC0-301F-11D3-BF4B-00C04F79EFBC}") = "SyncCenter", "Legacy\SyncCenter.csproj", "{8E5B34AB-961F-400A-8CF6-AA73A7BC5D4F}"
EndProject
Project("{FAE04EC0-301F-11D3-BF4B-00C04F79EFBC}") = "SyncEngine", "..\SyncEngine\SyncEngine.csproj", "{A1DE0334-F799-429E-9D77-62F7C6735542}"
EndProject
Project("{FAE04EC0-301F-11D3-BF4B-00C04F79EFBC}") = "WindowsContacts", "..\Providers\WindowsContacts\WindowsContacts.csproj", "{AF280C25-546A-488C-94B9-915773D94B62}"
EndProject
Project("{FAE04EC0-301F-11D3-BF4B-00C04F79EFBC}") = "Outlook", "..\Providers\Outlook\Outlook.csproj", "{D840767B-6772-440A-99D3-0A0D973E91DA}"
EndProject
Project("{FAE04EC0-301F-11D3-BF4B-00C04F79EFBC}") = "Google", "..\Providers\Google\Google.csproj", "{E364360F-F70B-45B5-93E2-A3C3CC8AB0FB}"
EndProject
Project("{FAE04EC0-301F-11D3-BF4B-00C04F79EFBC}") = "Contacts.NET", "..\Contacts.NET\Contacts.NET.csproj", "{053C7A0C-7729-4445-A5EF-C61CCBF44EDC}"
EndProject
Global
	GlobalSection(SolutionConfigurationPlatforms) = preSolution
		Debug|Any CPU = Debug|Any CPU
		Release|Any CPU = Release|Any CPU
	EndGlobalSection
	GlobalSection(ProjectConfigurationPlatforms) = postSolution
		{50990208-86E7-42BF-A304-F8780C41B93E}.Debug|Any CPU.ActiveCfg = Debug|Any CPU
		{50990208-86E7-42BF-A304-F8780C41B93E}.Debug|Any CPU.Build.0 = Debug|Any CPU
		{50990208-86E7-42BF-A304-F8780C41B93E}.Release|Any CPU.ActiveCfg = Release|Any CPU
		{50990208-86E7-42BF-A304-F8780C41B93E}.Release|Any CPU.Build.0 = Release|Any CPU
		{8E5B34AB-961F-400A-8CF6-AA73A7BC5D4F}.Debug|Any CPU.ActiveCfg = Debug|Any CPU
		{8E5B34AB-961F-400A-8CF6-AA73A7BC5D4F}.Debug|Any CPU.Build.0 = Debug|Any CPU
		{8E5B34AB-961F-400A-8CF6-AA73A7BC5D4F}.Release|Any CPU.ActiveCfg = Release|Any CPU
		{8E5B34AB-961F-400A-8CF6-AA73A7BC5D4F}.Release|Any CPU.Build.0 = Release|Any CPU
		{A1DE0334-F799-429E-9D77-62F7C6735542}.Debug|Any CPU.ActiveCfg = Debug|Any CPU
		{A1DE0334-F799-429E-9D77-62F7C6735542}.Debug|Any CPU.Build.0 = Debug|Any CPU
		{A1DE0334-F799-429E-9D77-62F7C6735542}.Release|Any CPU.ActiveCfg = Release|Any CPU
		{A1DE0334-F799-429E-9D77-62F7C6735542}.Release|Any CPU.Build.0 = Release|Any CPU
		{AF280C25-546A-488C-94B9-915773D94B62}.Debug|Any CPU.ActiveCfg = Debug|Any CPU
		{AF280C25-546A-488C-94B9-915773D94B62}.Debug|Any CPU.Build.0 = Debug|Any CPU
		{AF280C25-546A-488C-94B9-915773D94B62}.Release|Any CPU.ActiveCfg = Release|Any CPU
		{AF280C25-546A-488C-94B9-915773D94B62}.Release|Any CPU.Build.0 = Release|Any CPU
		{D840767B-6772-440A-99D3-0A0D973E91DA}.Debug|Any CPU.ActiveCfg = Debug|Any CPU
		{D840767B-6772-440A-99D3-0A0D973E91DA}.Debug|Any CPU.Build.0 = Debug|Any CPU
		{D840767B-6772-440A-99D3-0A0D973E91DA}.Release|Any CPU.ActiveCfg = Release|Any CPU
		{D840767B-6772-440A-99D3-0A0D973E91DA}.Release|Any CPU.Build.0 = Release|Any CPU
		{E364360F-F70B-45B5-93E2-A3C3CC8AB0FB}.Debug|Any CPU.ActiveCfg = Debug|Any CPU
		{E364360F-F70B-45B5-93E2-A3C3CC8AB0FB}.Debug|Any CPU.Build.0 = Debug|Any CPU
		{E364360F-F70B-45B5-93E2-A3C3CC8AB0FB}.Release|Any CPU.ActiveCfg = Release|Any CPU
		{E364360F-F70B-45B5-93E2-A3C3CC8AB0FB}.Release|Any CPU.Build.0 = Release|Any CPU
		{053C7A0C-7729-4445-A5EF-C61CCBF44EDC}.Debug|Any CPU.ActiveCfg = Debug|Any CPU
		{053C7A0C-7729-4445-A5EF-C61CCBF44EDC}.Debug|Any CPU.Build.0 = Debug|Any CPU
		{053C7A0C-7729-4445-A5EF-C61CCBF44EDC}.Release|Any CPU.ActiveCfg = Release|Any CPU
		{053C7A0C-7729-4445-A5EF-C61CCBF44EDC}.Release|Any CPU.Build.0 = Release|Any CPU
	EndGlobalSection
	GlobalSection(SolutionProperties) = preSolution
		HideSolutionNode = FALSE
	EndGlobalSection
EndGlobal
