Microsoft Visual Studio Solution File, Format Version 9.00
# Visual Studio 2008
Project("{FAE04EC0-301F-11D3-BF4B-00C04F79EFBC}") = "RegistratorApplication", "RegistratorApplication\RegistratorApplication.csproj", "{50990208-86E7-42BF-A304-F8780C41B93E}"
EndProject
Project("{FAE04EC0-301F-11D3-BF4B-00C04F79EFBC}") = "Vista", "Vista\SyncCenter.csproj", "{8E5B34AB-961F-400A-8CF6-AA73A7BC5D4F}"
EndProject
Global
	GlobalSection(SolutionConfigurationPlatforms) = preSolution
		Debug|Any CPU = Debug|Any CPU
		Release|Any CPU = Release|Any CPU
	EndGlobalSection
	GlobalSection(ProjectConfigurationPlatforms) = postSolution
		{50990208-86E7-42BF-A304-F8780C41B93E}.Debug|Any CPU.ActiveCfg = Debug|Any CPU
		{50990208-86E7-42BF-A304-F8780C41B93E}.Debug|Any CPU.Build.0 = Debug|Any CPU
		{50990208-86E7-42BF-A304-F8780C41B93E}.Release|Any CPU.ActiveCfg = Release|Any CPU
		{50990208-86E7-42BF-A304-F8780C41B93E}.Release|Any CPU.Build.0 = Release|Any CPU
		{8E5B34AB-961F-400A-8CF6-AA73A7BC5D4F}.Debug|Any CPU.ActiveCfg = Debug|Any CPU
		{8E5B34AB-961F-400A-8CF6-AA73A7BC5D4F}.Debug|Any CPU.Build.0 = Debug|Any CPU
		{8E5B34AB-961F-400A-8CF6-AA73A7BC5D4F}.Release|Any CPU.ActiveCfg = Release|Any CPU
		{8E5B34AB-961F-400A-8CF6-AA73A7BC5D4F}.Release|Any CPU.Build.0 = Release|Any CPU
	EndGlobalSection
	GlobalSection(SolutionProperties) = preSolution
		HideSolutionNode = FALSE
	EndGlobalSection
EndGlobal
